
Microsoft Visual Studio Solution File, Format Version 12.00
# Visual Studio Version 16
VisualStudioVersion = 16.0.30011.22
MinimumVisualStudioVersion = 10.0.40219.1
Project("{FAE04EC0-301F-11D3-BF4B-00C04F79EFBC}") = "Sample.Functions", "Sample.Functions\Sample.Functions.csproj", "{C527E6E9-1BB0-4433-969B-7A05FC8026E8}"
EndProject
Global
	GlobalSection(SolutionConfigurationPlatforms) = preSolution
		Debug|Any CPU = Debug|Any CPU
		Release|Any CPU = Release|Any CPU
	EndGlobalSection
	GlobalSection(ProjectConfigurationPlatforms) = postSolution
		{C527E6E9-1BB0-4433-969B-7A05FC8026E8}.Debug|Any CPU.ActiveCfg = Debug|Any CPU
		{C527E6E9-1BB0-4433-969B-7A05FC8026E8}.Debug|Any CPU.Build.0 = Debug|Any CPU
		{C527E6E9-1BB0-4433-969B-7A05FC8026E8}.Release|Any CPU.ActiveCfg = Release|Any CPU
		{C527E6E9-1BB0-4433-969B-7A05FC8026E8}.Release|Any CPU.Build.0 = Release|Any CPU
	EndGlobalSection
	GlobalSection(SolutionProperties) = preSolution
		HideSolutionNode = FALSE
	EndGlobalSection
	GlobalSection(ExtensibilityGlobals) = postSolution
		SolutionGuid = {BC01F758-C7F7-45DD-8D53-D9A4E45A35D5}
	EndGlobalSection
EndGlobal
